# THIS IS AN AUTOGENERATED FILE. DO NOT EDIT THIS FILE DIRECTLY.
# yarn lockfile v1


bootstrap@3:
  version "3.3.7"
  resolved "https://registry.yarnpkg.com/bootstrap/-/bootstrap-3.3.7.tgz#5a389394549f23330875a3b150656574f8a9eb71"

font-awesome@^4.7.0:
  version "4.7.0"
  resolved "https://registry.yarnpkg.com/font-awesome/-/font-awesome-4.7.0.tgz#8fa8cf0411a1a31afd07b06d2902bb9fc815a133"

jquery-backstretch@^2.1.16:
  version "2.1.16"
  resolved "https://registry.yarnpkg.com/jquery-backstretch/-/jquery-backstretch-2.1.16.tgz#4ee7547dcb85cf69eed2639cac0c9131651dc5e7"
  dependencies:
    jquery "^3.1.1"

jquery-ujs@^1.2.2:
  version "1.2.2"
  resolved "https://registry.yarnpkg.com/jquery-ujs/-/jquery-ujs-1.2.2.tgz#6a8ef1020e6b6dda385b90a4bddc128c21c56397"
  dependencies:
    jquery ">=1.8.0"

jquery@>=1.8.0, jquery@^3.1.1, jquery@^3.3.1:
  version "3.3.1"
  resolved "https://registry.yarnpkg.com/jquery/-/jquery-3.3.1.tgz#958ce29e81c9790f31be7792df5d4d95fc57fbca"

waypoints@^4.0.1:
  version "4.0.1"
  resolved "https://registry.yarnpkg.com/waypoints/-/waypoints-4.0.1.tgz#09979a0573810b29627cba4366a284a062ec69c8"
